{
	"name": "anlion-ide-plugin",
	"version": "1.0.1",
	"lockfileVersion": 1,
	"requires": true,
	"dependencies": {
		"@anlion/reg2str": {
			"version": "1.0.1",
			"resolved": "https://registry.npmmirror.com/@anlion/reg2str/-/reg2str-1.0.1.tgz",
			"integrity": "sha512-8rgE04webzgePNP6xkGrJRd8s9tH0qc2VYfnjysK0vg9s9+bnH1JZPmh4HPqGLcs2LJpkj9swvfdAs0tR9VPtA==",
			"requires": {
				"drange": "^2.0.1",
				"ret": "^0.5.0"
			}
		},
		"@anlion/shared": {
			"version": "1.0.1",
			"resolved": "https://registry.npmmirror.com/@anlion/shared/-/shared-1.0.1.tgz",
			"integrity": "sha512-aiJ/aQsMV2N+RW80tuezy3n6neAWoeEr8wxYmbjlafeNntLgcbxLF82+l0XMRoENFHv1RmeSh8JlxXLRvLZPJw=="
		},
		"drange": {
			"version": "2.0.1",
			"resolved": "https://registry.npmmirror.com/drange/-/drange-2.0.1.tgz",
			"integrity": "sha512-s/Gs2VG0zdUXxWz4cK3vcwniF914RKWLNYY6YAVTTLo2HjqsynfUzUcSvNFEdktQXKDbJMKF9wmg67Rv32VhEQ=="
		},
		"ret": {
			"version": "0.5.0",
			"resolved": "https://registry.npmmirror.com/ret/-/ret-0.5.0.tgz",
			"integrity": "sha512-I1XxrZSQ+oErkRR4jYbAyEEu2I0avBvvMM5JN+6EBprOGRCs63ENqZ3vjavq8fBw2+62G5LF5XelKwuJpcvcxw=="
		},
		"vscode-languageserver": {
			"version": "8.1.0",
			"requires": {
				"vscode-languageserver-protocol": "3.17.3"
			},
			"dependencies": {
				"vscode-jsonrpc": {
					"version": "8.1.0",
					"resolved": "https://registry.npmmirror.com/vscode-jsonrpc/-/vscode-jsonrpc-8.1.0.tgz",
					"integrity": "sha512-6TDy/abTQk+zDGYazgbIPc+4JoXdwC8NHU9Pbn4UJP1fehUyZmM4RHp5IthX7A6L5KS30PRui+j+tbbMMMafdw=="
				},
				"vscode-languageserver-protocol": {
					"version": "3.17.3",
					"resolved": "https://registry.npmmirror.com/vscode-languageserver-protocol/-/vscode-languageserver-protocol-3.17.3.tgz",
					"integrity": "sha512-924/h0AqsMtA5yK22GgMtCYiMdCOtWTSGgUOkgEDX+wk2b0x4sAfLiO4NxBxqbiVtz7K7/1/RgVrVI0NClZwqA==",
					"requires": {
						"vscode-jsonrpc": "8.1.0",
						"vscode-languageserver-types": "3.17.3"
					}
				},
				"vscode-languageserver-types": {
					"version": "3.17.3",
					"resolved": "https://registry.npmmirror.com/vscode-languageserver-types/-/vscode-languageserver-types-3.17.3.tgz",
					"integrity": "sha512-SYU4z1dL0PyIMd4Vj8YOqFvHu7Hz/enbWtpfnVbJHU4Nd1YNYx8u0ennumc6h48GQNeOLxmwySmnADouT/AuZA=="
				}
			}
		}
	}
}
